github.com/wechuli/go_math v1.0.0 h1:2CBRUvmNp0nBiwWjI4OWBR0PP8V3/9W6V/gidw1LS5U=
github.com/wechuli/go_math v1.0.0/go.mod h1:FBrXHTJPC3Wo4E62ta9uetw84JUa2DhBiJlWfgc5kmE=
github.com/wechuli/go_math v1.0.1 h1:76MD50vO2+UlGQTBD/k8/4Wh6j67LaXnYy9uzi5uAMM=
github.com/wechuli/go_math v1.0.1/go.mod h1:FBrXHTJPC3Wo4E62ta9uetw84JUa2DhBiJlWfgc5kmE=
github.com/wechuli/go_math v1.1.0 h1:zDE9gp6jAoGJi+w6agrRnPMczwwstbVtAOYVWhFsNMQ=
github.com/wechuli/go_math v1.1.0/go.mod h1:FBrXHTJPC3Wo4E62ta9uetw84JUa2DhBiJlWfgc5kmE=
